
Microsoft Visual Studio Solution File, Format Version 11.00
# Visual Studio 2010
Project("{FAE04EC0-301F-11D3-BF4B-00C04F79EFBC}") = "Library", "Library\Library.csproj", "{F04FBA8D-AF3A-4071-BA80-51C11D3DBE66}"
EndProject
Project("{FAE04EC0-301F-11D3-BF4B-00C04F79EFBC}") = "Cdb.DemoConsole", "Cdb.DemoConsole\Cdb.DemoConsole.csproj", "{0B4326BB-CC8B-48BF-BED2-27162FD11107}"
EndProject
Global
	GlobalSection(SolutionConfigurationPlatforms) = preSolution
		Debug|Any CPU = Debug|Any CPU
		Debug|Mixed Platforms = Debug|Mixed Platforms
		Debug|x86 = Debug|x86
		Release|Any CPU = Release|Any CPU
		Release|Mixed Platforms = Release|Mixed Platforms
		Release|x86 = Release|x86
	EndGlobalSection
	GlobalSection(ProjectConfigurationPlatforms) = postSolution
		{0B4326BB-CC8B-48BF-BED2-27162FD11107}.Debug|Any CPU.ActiveCfg = Debug|Any CPU
		{0B4326BB-CC8B-48BF-BED2-27162FD11107}.Debug|Any CPU.Build.0 = Debug|Any CPU
		{0B4326BB-CC8B-48BF-BED2-27162FD11107}.Debug|Mixed Platforms.ActiveCfg = Debug|Any CPU
		{0B4326BB-CC8B-48BF-BED2-27162FD11107}.Debug|Mixed Platforms.Build.0 = Debug|Any CPU
		{0B4326BB-CC8B-48BF-BED2-27162FD11107}.Debug|x86.ActiveCfg = Debug|Any CPU
		{0B4326BB-CC8B-48BF-BED2-27162FD11107}.Debug|x86.Build.0 = Debug|Any CPU
		{0B4326BB-CC8B-48BF-BED2-27162FD11107}.Release|Any CPU.ActiveCfg = Release|Any CPU
		{0B4326BB-CC8B-48BF-BED2-27162FD11107}.Release|Any CPU.Build.0 = Release|Any CPU
		{0B4326BB-CC8B-48BF-BED2-27162FD11107}.Release|Mixed Platforms.ActiveCfg = Release|Any CPU
		{0B4326BB-CC8B-48BF-BED2-27162FD11107}.Release|Mixed Platforms.Build.0 = Release|Any CPU
		{0B4326BB-CC8B-48BF-BED2-27162FD11107}.Release|x86.ActiveCfg = Release|Any CPU
		{0B4326BB-CC8B-48BF-BED2-27162FD11107}.Release|x86.Build.0 = Release|Any CPU
		{F04FBA8D-AF3A-4071-BA80-51C11D3DBE66}.Debug|Any CPU.ActiveCfg = Debug|Any CPU
		{F04FBA8D-AF3A-4071-BA80-51C11D3DBE66}.Debug|Any CPU.Build.0 = Debug|Any CPU
		{F04FBA8D-AF3A-4071-BA80-51C11D3DBE66}.Debug|Mixed Platforms.ActiveCfg = Debug|Any CPU
		{F04FBA8D-AF3A-4071-BA80-51C11D3DBE66}.Debug|Mixed Platforms.Build.0 = Debug|Any CPU
		{F04FBA8D-AF3A-4071-BA80-51C11D3DBE66}.Debug|x86.ActiveCfg = Debug|Any CPU
		{F04FBA8D-AF3A-4071-BA80-51C11D3DBE66}.Release|Any CPU.ActiveCfg = Release|Any CPU
		{F04FBA8D-AF3A-4071-BA80-51C11D3DBE66}.Release|Any CPU.Build.0 = Release|Any CPU
		{F04FBA8D-AF3A-4071-BA80-51C11D3DBE66}.Release|Mixed Platforms.ActiveCfg = Release|Any CPU
		{F04FBA8D-AF3A-4071-BA80-51C11D3DBE66}.Release|Mixed Platforms.Build.0 = Release|Any CPU
		{F04FBA8D-AF3A-4071-BA80-51C11D3DBE66}.Release|x86.ActiveCfg = Release|Any CPU
	EndGlobalSection
	GlobalSection(MonoDevelopProperties) = preSolution
		StartupItem = Cdb.DemoConsole\Cdb.DemoConsole.csproj
	EndGlobalSection
	GlobalSection(SolutionProperties) = preSolution
		HideSolutionNode = FALSE
	EndGlobalSection
EndGlobal
